
Microsoft Visual Studio Solution File, Format Version 11.00
# Visual Studio 2010
Project("{FAE04EC0-301F-11D3-BF4B-00C04F79EFBC}") = "GettingStartedWithIK", "Assembly-CSharp.csproj", "{C1A3C1E8-D3AB-CC6A-4AEE-35131A89C1E5}"
EndProject
Project("{FAE04EC0-301F-11D3-BF4B-00C04F79EFBC}") = "GettingStartedWithIK", "Assembly-CSharp-Editor.csproj", "{ADB3E3DF-F6B9-3CA6-B16F-C90A9AD10D78}"
EndProject
Global
	GlobalSection(SolutionConfigurationPlatforms) = preSolution
		Debug|Any CPU = Debug|Any CPU
		Release|Any CPU = Release|Any CPU
	EndGlobalSection
	GlobalSection(ProjectConfigurationPlatforms) = postSolution
		{C1A3C1E8-D3AB-CC6A-4AEE-35131A89C1E5}.Debug|Any CPU.ActiveCfg = Debug|Any CPU
		{C1A3C1E8-D3AB-CC6A-4AEE-35131A89C1E5}.Debug|Any CPU.Build.0 = Debug|Any CPU
		{C1A3C1E8-D3AB-CC6A-4AEE-35131A89C1E5}.Release|Any CPU.ActiveCfg = Release|Any CPU
		{C1A3C1E8-D3AB-CC6A-4AEE-35131A89C1E5}.Release|Any CPU.Build.0 = Release|Any CPU
		{ADB3E3DF-F6B9-3CA6-B16F-C90A9AD10D78}.Debug|Any CPU.ActiveCfg = Debug|Any CPU
		{ADB3E3DF-F6B9-3CA6-B16F-C90A9AD10D78}.Debug|Any CPU.Build.0 = Debug|Any CPU
		{ADB3E3DF-F6B9-3CA6-B16F-C90A9AD10D78}.Release|Any CPU.ActiveCfg = Release|Any CPU
		{ADB3E3DF-F6B9-3CA6-B16F-C90A9AD10D78}.Release|Any CPU.Build.0 = Release|Any CPU
	EndGlobalSection
	GlobalSection(SolutionProperties) = preSolution
		HideSolutionNode = FALSE
	EndGlobalSection
	GlobalSection(MonoDevelopProperties) = preSolution
		StartupItem = Assembly-CSharp.csproj
	EndGlobalSection
EndGlobal
